
Microsoft Visual Studio Solution File, Format Version 12.00
# Visual Studio 2013
VisualStudioVersion = 12.0.30110.0
MinimumVisualStudioVersion = 10.0.40219.1
Project("{FAE04EC0-301F-11D3-BF4B-00C04F79EFBC}") = "AocHacker", "AoCHacker\AocHacker.csproj", "{A30D9693-7B70-4B81-8D40-AA541B436E77}"
EndProject
Global
	GlobalSection(SolutionConfigurationPlatforms) = preSolution
		Debug|Any CPU = Debug|Any CPU
		Release|Any CPU = Release|Any CPU
	EndGlobalSection
	GlobalSection(ProjectConfigurationPlatforms) = postSolution
		{A30D9693-7B70-4B81-8D40-AA541B436E77}.Debug|Any CPU.ActiveCfg = Debug|Any CPU
		{A30D9693-7B70-4B81-8D40-AA541B436E77}.Debug|Any CPU.Build.0 = Debug|Any CPU
		{A30D9693-7B70-4B81-8D40-AA541B436E77}.Release|Any CPU.ActiveCfg = Release|Any CPU
		{A30D9693-7B70-4B81-8D40-AA541B436E77}.Release|Any CPU.Build.0 = Release|Any CPU
	EndGlobalSection
	GlobalSection(SolutionProperties) = preSolution
		HideSolutionNode = FALSE
	EndGlobalSection
EndGlobal
